
Microsoft Visual Studio Solution File, Format Version 12.00
# Visual Studio Version 16
VisualStudioVersion = 16.0.29613.14
MinimumVisualStudioVersion = 10.0.40219.1
Project("{FAE04EC0-301F-11D3-BF4B-00C04F79EFBC}") = "сяп сишарп задание 2", "сяп сишарп задание 2\сяп сишарп задание 2.csproj", "{5E8F589B-AC0F-4B8B-9ED3-6AB7277E8405}"
EndProject
Global
	GlobalSection(SolutionConfigurationPlatforms) = preSolution
		Debug|Any CPU = Debug|Any CPU
		Release|Any CPU = Release|Any CPU
	EndGlobalSection
	GlobalSection(ProjectConfigurationPlatforms) = postSolution
		{5E8F589B-AC0F-4B8B-9ED3-6AB7277E8405}.Debug|Any CPU.ActiveCfg = Debug|Any CPU
		{5E8F589B-AC0F-4B8B-9ED3-6AB7277E8405}.Debug|Any CPU.Build.0 = Debug|Any CPU
		{5E8F589B-AC0F-4B8B-9ED3-6AB7277E8405}.Release|Any CPU.ActiveCfg = Release|Any CPU
		{5E8F589B-AC0F-4B8B-9ED3-6AB7277E8405}.Release|Any CPU.Build.0 = Release|Any CPU
	EndGlobalSection
	GlobalSection(SolutionProperties) = preSolution
		HideSolutionNode = FALSE
	EndGlobalSection
	GlobalSection(ExtensibilityGlobals) = postSolution
		SolutionGuid = {72696170-5208-4221-A1F8-F34EA1216BF8}
	EndGlobalSection
EndGlobal
